
Microsoft Visual Studio Solution File, Format Version 11.00
# Visual Studio 2010
Project("{FAE04EC0-301F-11D3-BF4B-00C04F79EFBC}") = "UAR.Persistence.Contracts", "UAR.Persistence.Contracts\UAR.Persistence.Contracts.csproj", "{1EFB2FB2-84D4-4F06-A0CE-F8056ECADE1F}"
EndProject
Project("{FAE04EC0-301F-11D3-BF4B-00C04F79EFBC}") = "UAR.Persistence.ORM", "UAR.Persistence.ORM\UAR.Persistence.ORM.csproj", "{844552B7-762C-4A91-B35D-F183F608AA76}"
EndProject
Project("{FAE04EC0-301F-11D3-BF4B-00C04F79EFBC}") = "UAR.UI.WinForms", "UAR.UI.WinForms\UAR.UI.WinForms.csproj", "{EFD23083-FC42-4CF9-AAB6-4C5FE40C75DF}"
EndProject
Project("{FAE04EC0-301F-11D3-BF4B-00C04F79EFBC}") = "UAR.Domain.AdventureWorks", "UAR.Domain.AdventureWorks\UAR.Domain.AdventureWorks.csproj", "{8F74EF0E-B480-45AF-9C4E-A4F428CE48A0}"
EndProject
Project("{FAE04EC0-301F-11D3-BF4B-00C04F79EFBC}") = "UAR.Domain.Northwind", "UAR.Domain.Northwind\UAR.Domain.Northwind.csproj", "{F1340169-6894-49AA-81C6-CEF4D9087805}"
EndProject
Project("{FAE04EC0-301F-11D3-BF4B-00C04F79EFBC}") = "UAR.UI.WPF", "UAR.UI.WPF\UAR.UI.WPF.csproj", "{81B19CA1-E9A2-4D05-B8CD-940D8300713D}"
EndProject
Global
	GlobalSection(SolutionConfigurationPlatforms) = preSolution
		Debug|Any CPU = Debug|Any CPU
		Debug|Mixed Platforms = Debug|Mixed Platforms
		Debug|x86 = Debug|x86
		Release|Any CPU = Release|Any CPU
		Release|Mixed Platforms = Release|Mixed Platforms
		Release|x86 = Release|x86
	EndGlobalSection
	GlobalSection(ProjectConfigurationPlatforms) = postSolution
		{1EFB2FB2-84D4-4F06-A0CE-F8056ECADE1F}.Debug|Any CPU.ActiveCfg = Debug|Any CPU
		{1EFB2FB2-84D4-4F06-A0CE-F8056ECADE1F}.Debug|Any CPU.Build.0 = Debug|Any CPU
		{1EFB2FB2-84D4-4F06-A0CE-F8056ECADE1F}.Debug|Mixed Platforms.ActiveCfg = Debug|Any CPU
		{1EFB2FB2-84D4-4F06-A0CE-F8056ECADE1F}.Debug|Mixed Platforms.Build.0 = Debug|Any CPU
		{1EFB2FB2-84D4-4F06-A0CE-F8056ECADE1F}.Debug|x86.ActiveCfg = Debug|Any CPU
		{1EFB2FB2-84D4-4F06-A0CE-F8056ECADE1F}.Release|Any CPU.ActiveCfg = Release|Any CPU
		{1EFB2FB2-84D4-4F06-A0CE-F8056ECADE1F}.Release|Any CPU.Build.0 = Release|Any CPU
		{1EFB2FB2-84D4-4F06-A0CE-F8056ECADE1F}.Release|Mixed Platforms.ActiveCfg = Release|Any CPU
		{1EFB2FB2-84D4-4F06-A0CE-F8056ECADE1F}.Release|Mixed Platforms.Build.0 = Release|Any CPU
		{1EFB2FB2-84D4-4F06-A0CE-F8056ECADE1F}.Release|x86.ActiveCfg = Release|Any CPU
		{844552B7-762C-4A91-B35D-F183F608AA76}.Debug|Any CPU.ActiveCfg = Debug|Any CPU
		{844552B7-762C-4A91-B35D-F183F608AA76}.Debug|Any CPU.Build.0 = Debug|Any CPU
		{844552B7-762C-4A91-B35D-F183F608AA76}.Debug|Mixed Platforms.ActiveCfg = Debug|Any CPU
		{844552B7-762C-4A91-B35D-F183F608AA76}.Debug|Mixed Platforms.Build.0 = Debug|Any CPU
		{844552B7-762C-4A91-B35D-F183F608AA76}.Debug|x86.ActiveCfg = Debug|Any CPU
		{844552B7-762C-4A91-B35D-F183F608AA76}.Release|Any CPU.ActiveCfg = Release|Any CPU
		{844552B7-762C-4A91-B35D-F183F608AA76}.Release|Any CPU.Build.0 = Release|Any CPU
		{844552B7-762C-4A91-B35D-F183F608AA76}.Release|Mixed Platforms.ActiveCfg = Release|Any CPU
		{844552B7-762C-4A91-B35D-F183F608AA76}.Release|Mixed Platforms.Build.0 = Release|Any CPU
		{844552B7-762C-4A91-B35D-F183F608AA76}.Release|x86.ActiveCfg = Release|Any CPU
		{EFD23083-FC42-4CF9-AAB6-4C5FE40C75DF}.Debug|Any CPU.ActiveCfg = Debug|x86
		{EFD23083-FC42-4CF9-AAB6-4C5FE40C75DF}.Debug|Mixed Platforms.ActiveCfg = Debug|x86
		{EFD23083-FC42-4CF9-AAB6-4C5FE40C75DF}.Debug|Mixed Platforms.Build.0 = Debug|x86
		{EFD23083-FC42-4CF9-AAB6-4C5FE40C75DF}.Debug|x86.ActiveCfg = Debug|x86
		{EFD23083-FC42-4CF9-AAB6-4C5FE40C75DF}.Debug|x86.Build.0 = Debug|x86
		{EFD23083-FC42-4CF9-AAB6-4C5FE40C75DF}.Release|Any CPU.ActiveCfg = Release|x86
		{EFD23083-FC42-4CF9-AAB6-4C5FE40C75DF}.Release|Mixed Platforms.ActiveCfg = Release|x86
		{EFD23083-FC42-4CF9-AAB6-4C5FE40C75DF}.Release|Mixed Platforms.Build.0 = Release|x86
		{EFD23083-FC42-4CF9-AAB6-4C5FE40C75DF}.Release|x86.ActiveCfg = Release|x86
		{EFD23083-FC42-4CF9-AAB6-4C5FE40C75DF}.Release|x86.Build.0 = Release|x86
		{8F74EF0E-B480-45AF-9C4E-A4F428CE48A0}.Debug|Any CPU.ActiveCfg = Debug|Any CPU
		{8F74EF0E-B480-45AF-9C4E-A4F428CE48A0}.Debug|Any CPU.Build.0 = Debug|Any CPU
		{8F74EF0E-B480-45AF-9C4E-A4F428CE48A0}.Debug|Mixed Platforms.ActiveCfg = Debug|Any CPU
		{8F74EF0E-B480-45AF-9C4E-A4F428CE48A0}.Debug|Mixed Platforms.Build.0 = Debug|Any CPU
		{8F74EF0E-B480-45AF-9C4E-A4F428CE48A0}.Debug|x86.ActiveCfg = Debug|Any CPU
		{8F74EF0E-B480-45AF-9C4E-A4F428CE48A0}.Release|Any CPU.ActiveCfg = Release|Any CPU
		{8F74EF0E-B480-45AF-9C4E-A4F428CE48A0}.Release|Any CPU.Build.0 = Release|Any CPU
		{8F74EF0E-B480-45AF-9C4E-A4F428CE48A0}.Release|Mixed Platforms.ActiveCfg = Release|Any CPU
		{8F74EF0E-B480-45AF-9C4E-A4F428CE48A0}.Release|Mixed Platforms.Build.0 = Release|Any CPU
		{8F74EF0E-B480-45AF-9C4E-A4F428CE48A0}.Release|x86.ActiveCfg = Release|Any CPU
		{F1340169-6894-49AA-81C6-CEF4D9087805}.Debug|Any CPU.ActiveCfg = Debug|Any CPU
		{F1340169-6894-49AA-81C6-CEF4D9087805}.Debug|Any CPU.Build.0 = Debug|Any CPU
		{F1340169-6894-49AA-81C6-CEF4D9087805}.Debug|Mixed Platforms.ActiveCfg = Debug|Any CPU
		{F1340169-6894-49AA-81C6-CEF4D9087805}.Debug|Mixed Platforms.Build.0 = Debug|Any CPU
		{F1340169-6894-49AA-81C6-CEF4D9087805}.Debug|x86.ActiveCfg = Debug|Any CPU
		{F1340169-6894-49AA-81C6-CEF4D9087805}.Release|Any CPU.ActiveCfg = Release|Any CPU
		{F1340169-6894-49AA-81C6-CEF4D9087805}.Release|Any CPU.Build.0 = Release|Any CPU
		{F1340169-6894-49AA-81C6-CEF4D9087805}.Release|Mixed Platforms.ActiveCfg = Release|Any CPU
		{F1340169-6894-49AA-81C6-CEF4D9087805}.Release|Mixed Platforms.Build.0 = Release|Any CPU
		{F1340169-6894-49AA-81C6-CEF4D9087805}.Release|x86.ActiveCfg = Release|Any CPU
		{81B19CA1-E9A2-4D05-B8CD-940D8300713D}.Debug|Any CPU.ActiveCfg = Debug|x86
		{81B19CA1-E9A2-4D05-B8CD-940D8300713D}.Debug|Mixed Platforms.ActiveCfg = Debug|x86
		{81B19CA1-E9A2-4D05-B8CD-940D8300713D}.Debug|Mixed Platforms.Build.0 = Debug|x86
		{81B19CA1-E9A2-4D05-B8CD-940D8300713D}.Debug|x86.ActiveCfg = Debug|x86
		{81B19CA1-E9A2-4D05-B8CD-940D8300713D}.Debug|x86.Build.0 = Debug|x86
		{81B19CA1-E9A2-4D05-B8CD-940D8300713D}.Release|Any CPU.ActiveCfg = Release|x86
		{81B19CA1-E9A2-4D05-B8CD-940D8300713D}.Release|Mixed Platforms.ActiveCfg = Release|x86
		{81B19CA1-E9A2-4D05-B8CD-940D8300713D}.Release|Mixed Platforms.Build.0 = Release|x86
		{81B19CA1-E9A2-4D05-B8CD-940D8300713D}.Release|x86.ActiveCfg = Release|x86
		{81B19CA1-E9A2-4D05-B8CD-940D8300713D}.Release|x86.Build.0 = Release|x86
	EndGlobalSection
	GlobalSection(SolutionProperties) = preSolution
		HideSolutionNode = FALSE
	EndGlobalSection
EndGlobal
